
Microsoft Visual Studio Solution File, Format Version 12.00
# Visual Studio 14
VisualStudioVersion = 14.0.25123.0
MinimumVisualStudioVersion = 10.0.40219.1
Project("{FAE04EC0-301F-11D3-BF4B-00C04F79EFBC}") = "SoftGage.EntityFramework.Migrations", "SoftGage.EntityFramework.Migrations\SoftGage.EntityFramework.Migrations.csproj", "{9BAB3C2A-2CE3-4F10-9C5C-35B5828E2F1B}"
EndProject
Global
	GlobalSection(SolutionConfigurationPlatforms) = preSolution
		Debug|Any CPU = Debug|Any CPU
		Release|Any CPU = Release|Any CPU
	EndGlobalSection
	GlobalSection(ProjectConfigurationPlatforms) = postSolution
		{9BAB3C2A-2CE3-4F10-9C5C-35B5828E2F1B}.Debug|Any CPU.ActiveCfg = Debug|Any CPU
		{9BAB3C2A-2CE3-4F10-9C5C-35B5828E2F1B}.Debug|Any CPU.Build.0 = Debug|Any CPU
		{9BAB3C2A-2CE3-4F10-9C5C-35B5828E2F1B}.Release|Any CPU.ActiveCfg = Release|Any CPU
		{9BAB3C2A-2CE3-4F10-9C5C-35B5828E2F1B}.Release|Any CPU.Build.0 = Release|Any CPU
	EndGlobalSection
	GlobalSection(SolutionProperties) = preSolution
		HideSolutionNode = FALSE
	EndGlobalSection
EndGlobal
